// !$*UTF8*$!
{
	archiveVersion = 1;
	classes = {
	};
	objectVersion = 50;
	objects = {

/* Begin PBXBuildFile section */
		3A6577AB254AEE89002915A9 /* IntervalView.swift in Sources */ = {isa = PBXBuildFile; fileRef = 3A6577AA254AEE89002915A9 /* IntervalView.swift */; };
		3A6EB04A254C3193004026C6 /* start-sound.mp3 in Resources */ = {isa = PBXBuildFile; fileRef = 3A6EB049254C3193004026C6 /* start-sound.mp3 */; };
		3A6EB04D254C319A004026C6 /* finish-sound.mp3 in Resources */ = {isa = PBXBuildFile; fileRef = 3A6EB04C254C319A004026C6 /* finish-sound.mp3 */; };
		3A80D6812549AC1E00BA4349 /* SetListView.swift in Sources */ = {isa = PBXBuildFile; fileRef = 3A80D6802549AC1E00BA4349 /* SetListView.swift */; };
		3A9D91B725499B1E0002FDB7 /* SettingsView.swift in Sources */ = {isa = PBXBuildFile; fileRef = 3A9D91B625499B1E0002FDB7 /* SettingsView.swift */; };
		3A9D91BC25499C7C0002FDB7 /* Keys.swift in Sources */ = {isa = PBXBuildFile; fileRef = 3A9D91BB25499C7C0002FDB7 /* Keys.swift */; };
		3AAAC79625499051007D26DD /* Interval_circleApp.swift in Sources */ = {isa = PBXBuildFile; fileRef = 3AAAC79525499051007D26DD /* Interval_circleApp.swift */; };
		3AAAC79825499051007D26DD /* ContentView.swift in Sources */ = {isa = PBXBuildFile; fileRef = 3AAAC79725499051007D26DD /* ContentView.swift */; };
		3AAAC79A25499052007D26DD /* Assets.xcassets in Resources */ = {isa = PBXBuildFile; fileRef = 3AAAC79925499052007D26DD /* Assets.xcassets */; };
		3AAAC79D25499052007D26DD /* Preview Assets.xcassets in Resources */ = {isa = PBXBuildFile; fileRef = 3AAAC79C25499052007D26DD /* Preview Assets.xcassets */; };
		3AAAC7A725499081007D26DD /* IntervalModel.swift in Sources */ = {isa = PBXBuildFile; fileRef = 3AAAC7A625499081007D26DD /* IntervalModel.swift */; };
		3AAAC7AF254990D2007D26DD /* Circular_Slider.swift in Sources */ = {isa = PBXBuildFile; fileRef = 3AAAC7AE254990D2007D26DD /* Circular_Slider.swift */; };
		3AAAC7B2254990D4007D26DD /* RootView.swift in Sources */ = {isa = PBXBuildFile; fileRef = 3AAAC7B1254990D4007D26DD /* RootView.swift */; };
		3ABD59B72549B40100FBD4A7 /* PrepareView.swift in Sources */ = {isa = PBXBuildFile; fileRef = 3ABD59B62549B40100FBD4A7 /* PrepareView.swift */; };
		3ADABC4D254C24A800ACEF06 /* ExtensionView.swift in Sources */ = {isa = PBXBuildFile; fileRef = 3ADABC4C254C24A800ACEF06 /* ExtensionView.swift */; };
		3AE0107C254ADC9A00D1452B /* CountingView.swift in Sources */ = {isa = PBXBuildFile; fileRef = 3AE0107B254ADC9A00D1452B /* CountingView.swift */; };
		3AE01081254ADDB400D1452B /* Progress_CircleView.swift in Sources */ = {isa = PBXBuildFile; fileRef = 3AE01080254ADDB400D1452B /* Progress_CircleView.swift */; };
/* End PBXBuildFile section */

/* Begin PBXFileReference section */
		3A6577AA254AEE89002915A9 /* IntervalView.swift */ = {isa = PBXFileReference; lastKnownFileType = sourcecode.swift; path = IntervalView.swift; sourceTree = "<group>"; };
		3A6EB049254C3193004026C6 /* start-sound.mp3 */ = {isa = PBXFileReference; lastKnownFileType = audio.mp3; path = "start-sound.mp3"; sourceTree = "<group>"; };
		3A6EB04C254C319A004026C6 /* finish-sound.mp3 */ = {isa = PBXFileReference; lastKnownFileType = audio.mp3; path = "finish-sound.mp3"; sourceTree = "<group>"; };
		3A80D6802549AC1E00BA4349 /* SetListView.swift */ = {isa = PBXFileReference; lastKnownFileType = sourcecode.swift; path = SetListView.swift; sourceTree = "<group>"; };
		3A9D91B625499B1E0002FDB7 /* SettingsView.swift */ = {isa = PBXFileReference; lastKnownFileType = sourcecode.swift; path = SettingsView.swift; sourceTree = "<group>"; };
		3A9D91BB25499C7C0002FDB7 /* Keys.swift */ = {isa = PBXFileReference; lastKnownFileType = sourcecode.swift; path = Keys.swift; sourceTree = "<group>"; };
		3AAAC79225499051007D26DD /* Interval_circle.app */ = {isa = PBXFileReference; explicitFileType = wrapper.application; includeInIndex = 0; path = Interval_circle.app; sourceTree = BUILT_PRODUCTS_DIR; };
		3AAAC79525499051007D26DD /* Interval_circleApp.swift */ = {isa = PBXFileReference; lastKnownFileType = sourcecode.swift; path = Interval_circleApp.swift; sourceTree = "<group>"; };
		3AAAC79725499051007D26DD /* ContentView.swift */ = {isa = PBXFileReference; lastKnownFileType = sourcecode.swift; path = ContentView.swift; sourceTree = "<group>"; };
		3AAAC79925499052007D26DD /* Assets.xcassets */ = {isa = PBXFileReference; lastKnownFileType = folder.assetcatalog; path = Assets.xcassets; sourceTree = "<group>"; };
		3AAAC79C25499052007D26DD /* Preview Assets.xcassets */ = {isa = PBXFileReference; lastKnownFileType = folder.assetcatalog; path = "Preview Assets.xcassets"; sourceTree = "<group>"; };
		3AAAC79E25499052007D26DD /* Info.plist */ = {isa = PBXFileReference; lastKnownFileType = text.plist.xml; path = Info.plist; sourceTree = "<group>"; };
		3AAAC7A625499081007D26DD /* IntervalModel.swift */ = {isa = PBXFileReference; lastKnownFileType = sourcecode.swift; path = IntervalModel.swift; sourceTree = "<group>"; };
		3AAAC7AE254990D2007D26DD /* Circular_Slider.swift */ = {isa = PBXFileReference; fileEncoding = 4; lastKnownFileType = sourcecode.swift; path = Circular_Slider.swift; sourceTree = "<group>"; };
		3AAAC7B1254990D4007D26DD /* RootView.swift */ = {isa = PBXFileReference; lastKnownFileType = sourcecode.swift; path = RootView.swift; sourceTree = "<group>"; };
		3ABD59B62549B40100FBD4A7 /* PrepareView.swift */ = {isa = PBXFileReference; lastKnownFileType = sourcecode.swift; path = PrepareView.swift; sourceTree = "<group>"; };
		3ADABC4C254C24A800ACEF06 /* ExtensionView.swift */ = {isa = PBXFileReference; lastKnownFileType = sourcecode.swift; path = ExtensionView.swift; sourceTree = "<group>"; };
		3AE0107B254ADC9A00D1452B /* CountingView.swift */ = {isa = PBXFileReference; lastKnownFileType = sourcecode.swift; path = CountingView.swift; sourceTree = "<group>"; };
		3AE01080254ADDB400D1452B /* Progress_CircleView.swift */ = {isa = PBXFileReference; lastKnownFileType = sourcecode.swift; path = Progress_CircleView.swift; sourceTree = "<group>"; };
/* End PBXFileReference section */

/* Begin PBXFrameworksBuildPhase section */
		3AAAC78F25499051007D26DD /* Frameworks */ = {
			isa = PBXFrameworksBuildPhase;
			buildActionMask = 2147483647;
			files = (
			);
			runOnlyForDeploymentPostprocessing = 0;
		};
/* End PBXFrameworksBuildPhase section */

/* Begin PBXGroup section */
		3A6EB048254C3179004026C6 /* Sounds */ = {
			isa = PBXGroup;
			children = (
				3A6EB049254C3193004026C6 /* start-sound.mp3 */,
				3A6EB04C254C319A004026C6 /* finish-sound.mp3 */,
			);
			path = Sounds;
			sourceTree = "<group>";
		};
		3A9D91BA25499C6B0002FDB7 /* Extension */ = {
			isa = PBXGroup;
			children = (
				3A9D91BB25499C7C0002FDB7 /* Keys.swift */,
				3ADABC4C254C24A800ACEF06 /* ExtensionView.swift */,
			);
			path = Extension;
			sourceTree = "<group>";
		};
		3AAAC78925499051007D26DD = {
			isa = PBXGroup;
			children = (
				3AAAC79425499051007D26DD /* Interval_circle */,
				3AAAC79325499051007D26DD /* Products */,
			);
			sourceTree = "<group>";
		};
		3AAAC79325499051007D26DD /* Products */ = {
			isa = PBXGroup;
			children = (
				3AAAC79225499051007D26DD /* Interval_circle.app */,
			);
			name = Products;
			sourceTree = "<group>";
		};
		3AAAC79425499051007D26DD /* Interval_circle */ = {
			isa = PBXGroup;
			children = (
				3AAAC79525499051007D26DD /* Interval_circleApp.swift */,
				3AAAC7A52549906D007D26DD /* Model */,
				3AAAC7AD254990CC007D26DD /* View */,
				3A9D91BA25499C6B0002FDB7 /* Extension */,
				3A6EB048254C3179004026C6 /* Sounds */,
				3AAAC79725499051007D26DD /* ContentView.swift */,
				3AAAC79925499052007D26DD /* Assets.xcassets */,
				3AAAC79E25499052007D26DD /* Info.plist */,
				3AAAC79B25499052007D26DD /* Preview Content */,
			);
			path = Interval_circle;
			sourceTree = "<group>";
		};
		3AAAC79B25499052007D26DD /* Preview Content */ = {
			isa = PBXGroup;
			children = (
				3AAAC79C25499052007D26DD /* Preview Assets.xcassets */,
			);
			path = "Preview Content";
			sourceTree = "<group>";
		};
		3AAAC7A52549906D007D26DD /* Model */ = {
			isa = PBXGroup;
			children = (
				3AAAC7A625499081007D26DD /* IntervalModel.swift */,
			);
			path = Model;
			sourceTree = "<group>";
		};
		3AAAC7AD254990CC007D26DD /* View */ = {
			isa = PBXGroup;
			children = (
				3AAAC7B1254990D4007D26DD /* RootView.swift */,
				3A9D91B625499B1E0002FDB7 /* SettingsView.swift */,
				3ABD59B62549B40100FBD4A7 /* PrepareView.swift */,
				3AE0107B254ADC9A00D1452B /* CountingView.swift */,
				3A6577AA254AEE89002915A9 /* IntervalView.swift */,
				3AAAC7C425499620007D26DD /* Child */,
			);
			path = View;
			sourceTree = "<group>";
		};
		3AAAC7C425499620007D26DD /* Child */ = {
			isa = PBXGroup;
			children = (
				3AAAC7AE254990D2007D26DD /* Circular_Slider.swift */,
				3AE01080254ADDB400D1452B /* Progress_CircleView.swift */,
				3A80D6802549AC1E00BA4349 /* SetListView.swift */,
			);
			path = Child;
			sourceTree = "<group>";
		};
/* End PBXGroup section */

/* Begin PBXNativeTarget section */
		3AAAC79125499051007D26DD /* Interval_circle */ = {
			isa = PBXNativeTarget;
			buildConfigurationList = 3AAAC7A125499052007D26DD /* Build configuration list for PBXNativeTarget "Interval_circle" */;
			buildPhases = (
				3AAAC78E25499051007D26DD /* Sources */,
				3AAAC78F25499051007D26DD /* Frameworks */,
				3AAAC79025499051007D26DD /* Resources */,
			);
			buildRules = (
			);
			dependencies = (
			);
			name = Interval_circle;
			productName = Interval_circle;
			productReference = 3AAAC79225499051007D26DD /* Interval_circle.app */;
			productType = "com.apple.product-type.application";
		};
/* End PBXNativeTarget section */

/* Begin PBXProject section */
		3AAAC78A25499051007D26DD /* Project object */ = {
			isa = PBXProject;
			attributes = {
				LastSwiftUpdateCheck = 1210;
				LastUpgradeCheck = 1210;
				TargetAttributes = {
					3AAAC79125499051007D26DD = {
						CreatedOnToolsVersion = 12.1;
					};
				};
			};
			buildConfigurationList = 3AAAC78D25499051007D26DD /* Build configuration list for PBXProject "Interval_circle" */;
			compatibilityVersion = "Xcode 9.3";
			developmentRegion = en;
			hasScannedForEncodings = 0;
			knownRegions = (
				en,
				Base,
			);
			mainGroup = 3AAAC78925499051007D26DD;
			productRefGroup = 3AAAC79325499051007D26DD /* Products */;
			projectDirPath = "";
			projectRoot = "";
			targets = (
				3AAAC79125499051007D26DD /* Interval_circle */,
			);
		};
/* End PBXProject section */

/* Begin PBXResourcesBuildPhase section */
		3AAAC79025499051007D26DD /* Resources */ = {
			isa = PBXResourcesBuildPhase;
			buildActionMask = 2147483647;
			files = (
				3A6EB04A254C3193004026C6 /* start-sound.mp3 in Resources */,
				3A6EB04D254C319A004026C6 /* finish-sound.mp3 in Resources */,
				3AAAC79D25499052007D26DD /* Preview Assets.xcassets in Resources */,
				3AAAC79A25499052007D26DD /* Assets.xcassets in Resources */,
			);
			runOnlyForDeploymentPostprocessing = 0;
		};
/* End PBXResourcesBuildPhase section */

/* Begin PBXSourcesBuildPhase section */
		3AAAC78E25499051007D26DD /* Sources */ = {
			isa = PBXSourcesBuildPhase;
			buildActionMask = 2147483647;
			files = (
				3ADABC4D254C24A800ACEF06 /* ExtensionView.swift in Sources */,
				3AAAC79825499051007D26DD /* ContentView.swift in Sources */,
				3A6577AB254AEE89002915A9 /* IntervalView.swift in Sources */,
				3A80D6812549AC1E00BA4349 /* SetListView.swift in Sources */,
				3ABD59B72549B40100FBD4A7 /* PrepareView.swift in Sources */,
				3A9D91B725499B1E0002FDB7 /* SettingsView.swift in Sources */,
				3AAAC7A725499081007D26DD /* IntervalModel.swift in Sources */,
				3AAAC79625499051007D26DD /* Interval_circleApp.swift in Sources */,
				3AE01081254ADDB400D1452B /* Progress_CircleView.swift in Sources */,
				3AAAC7AF254990D2007D26DD /* Circular_Slider.swift in Sources */,
				3AAAC7B2254990D4007D26DD /* RootView.swift in Sources */,
				3AE0107C254ADC9A00D1452B /* CountingView.swift in Sources */,
				3A9D91BC25499C7C0002FDB7 /* Keys.swift in Sources */,
			);
			runOnlyForDeploymentPostprocessing = 0;
		};
/* End PBXSourcesBuildPhase section */

/* Begin XCBuildConfiguration section */
		3AAAC79F25499052007D26DD /* Debug */ = {
			isa = XCBuildConfiguration;
			buildSettings = {
				ALWAYS_SEARCH_USER_PATHS = NO;
				CLANG_ANALYZER_NONNULL = YES;
				CLANG_ANALYZER_NUMBER_OBJECT_CONVERSION = YES_AGGRESSIVE;
				CLANG_CXX_LANGUAGE_STANDARD = "gnu++14";
				CLANG_CXX_LIBRARY = "libc++";
				CLANG_ENABLE_MODULES = YES;
				CLANG_ENABLE_OBJC_ARC = YES;
				CLANG_ENABLE_OBJC_WEAK = YES;
				CLANG_WARN_BLOCK_CAPTURE_AUTORELEASING = YES;
				CLANG_WARN_BOOL_CONVERSION = YES;
				CLANG_WARN_COMMA = YES;
				CLANG_WARN_CONSTANT_CONVERSION = YES;
				CLANG_WARN_DEPRECATED_OBJC_IMPLEMENTATIONS = YES;
				CLANG_WARN_DIRECT_OBJC_ISA_USAGE = YES_ERROR;
				CLANG_WARN_DOCUMENTATION_COMMENTS = YES;
				CLANG_WARN_EMPTY_BODY = YES;
				CLANG_WARN_ENUM_CONVERSION = YES;
				CLANG_WARN_INFINITE_RECURSION = YES;
				CLANG_WARN_INT_CONVERSION = YES;
				CLANG_WARN_NON_LITERAL_NULL_CONVERSION = YES;
				CLANG_WARN_OBJC_IMPLICIT_RETAIN_SELF = YES;
				CLANG_WARN_OBJC_LITERAL_CONVERSION = YES;
				CLANG_WARN_OBJC_ROOT_CLASS = YES_ERROR;
				CLANG_WARN_QUOTED_INCLUDE_IN_FRAMEWORK_HEADER = YES;
				CLANG_WARN_RANGE_LOOP_ANALYSIS = YES;
				CLANG_WARN_STRICT_PROTOTYPES = YES;
				CLANG_WARN_SUSPICIOUS_MOVE = YES;
				CLANG_WARN_UNGUARDED_AVAILABILITY = YES_AGGRESSIVE;
				CLANG_WARN_UNREACHABLE_CODE = YES;
				CLANG_WARN__DUPLICATE_METHOD_MATCH = YES;
				COPY_PHASE_STRIP = NO;
				DEBUG_INFORMATION_FORMAT = dwarf;
				ENABLE_STRICT_OBJC_MSGSEND = YES;
				ENABLE_TESTABILITY = YES;
				GCC_C_LANGUAGE_STANDARD = gnu11;
				GCC_DYNAMIC_NO_PIC = NO;
				GCC_NO_COMMON_BLOCKS = YES;
				GCC_OPTIMIZATION_LEVEL = 0;
				GCC_PREPROCESSOR_DEFINITIONS = (
					"DEBUG=1",
					"$(inherited)",
				);
				GCC_WARN_64_TO_32_BIT_CONVERSION = YES;
				GCC_WARN_ABOUT_RETURN_TYPE = YES_ERROR;
				GCC_WARN_UNDECLARED_SELECTOR = YES;
				GCC_WARN_UNINITIALIZED_AUTOS = YES_AGGRESSIVE;
				GCC_WARN_UNUSED_FUNCTION = YES;
				GCC_WARN_UNUSED_VARIABLE = YES;
				IPHONEOS_DEPLOYMENT_TARGET = 14.1;
				MTL_ENABLE_DEBUG_INFO = INCLUDE_SOURCE;
				MTL_FAST_MATH = YES;
				ONLY_ACTIVE_ARCH = YES;
				SDKROOT = iphoneos;
				SWIFT_ACTIVE_COMPILATION_CONDITIONS = DEBUG;
				SWIFT_OPTIMIZATION_LEVEL = "-Onone";
			};
			name = Debug;
		};
		3AAAC7A025499052007D26DD /* Release */ = {
			isa = XCBuildConfiguration;
			buildSettings = {
				ALWAYS_SEARCH_USER_PATHS = NO;
				CLANG_ANALYZER_NONNULL = YES;
				CLANG_ANALYZER_NUMBER_OBJECT_CONVERSION = YES_AGGRESSIVE;
				CLANG_CXX_LANGUAGE_STANDARD = "gnu++14";
				CLANG_CXX_LIBRARY = "libc++";
				CLANG_ENABLE_MODULES = YES;
				CLANG_ENABLE_OBJC_ARC = YES;
				CLANG_ENABLE_OBJC_WEAK = YES;
				CLANG_WARN_BLOCK_CAPTURE_AUTORELEASING = YES;
				CLANG_WARN_BOOL_CONVERSION = YES;
				CLANG_WARN_COMMA = YES;
				CLANG_WARN_CONSTANT_CONVERSION = YES;
				CLANG_WARN_DEPRECATED_OBJC_IMPLEMENTATIONS = YES;
				CLANG_WARN_DIRECT_OBJC_ISA_USAGE = YES_ERROR;
				CLANG_WARN_DOCUMENTATION_COMMENTS = YES;
				CLANG_WARN_EMPTY_BODY = YES;
				CLANG_WARN_ENUM_CONVERSION = YES;
				CLANG_WARN_INFINITE_RECURSION = YES;
				CLANG_WARN_INT_CONVERSION = YES;
				CLANG_WARN_NON_LITERAL_NULL_CONVERSION = YES;
				CLANG_WARN_OBJC_IMPLICIT_RETAIN_SELF = YES;
				CLANG_WARN_OBJC_LITERAL_CONVERSION = YES;
				CLANG_WARN_OBJC_ROOT_CLASS = YES_ERROR;
				CLANG_WARN_QUOTED_INCLUDE_IN_FRAMEWORK_HEADER = YES;
				CLANG_WARN_RANGE_LOOP_ANALYSIS = YES;
				CLANG_WARN_STRICT_PROTOTYPES = YES;
				CLANG_WARN_SUSPICIOUS_MOVE = YES;
				CLANG_WARN_UNGUARDED_AVAILABILITY = YES_AGGRESSIVE;
				CLANG_WARN_UNREACHABLE_CODE = YES;
				CLANG_WARN__DUPLICATE_METHOD_MATCH = YES;
				COPY_PHASE_STRIP = NO;
				DEBUG_INFORMATION_FORMAT = "dwarf-with-dsym";
				ENABLE_NS_ASSERTIONS = NO;
				ENABLE_STRICT_OBJC_MSGSEND = YES;
				GCC_C_LANGUAGE_STANDARD = gnu11;
				GCC_NO_COMMON_BLOCKS = YES;
				GCC_WARN_64_TO_32_BIT_CONVERSION = YES;
				GCC_WARN_ABOUT_RETURN_TYPE = YES_ERROR;
				GCC_WARN_UNDECLARED_SELECTOR = YES;
				GCC_WARN_UNINITIALIZED_AUTOS = YES_AGGRESSIVE;
				GCC_WARN_UNUSED_FUNCTION = YES;
				GCC_WARN_UNUSED_VARIABLE = YES;
				IPHONEOS_DEPLOYMENT_TARGET = 14.1;
				MTL_ENABLE_DEBUG_INFO = NO;
				MTL_FAST_MATH = YES;
				SDKROOT = iphoneos;
				SWIFT_COMPILATION_MODE = wholemodule;
				SWIFT_OPTIMIZATION_LEVEL = "-O";
				VALIDATE_PRODUCT = YES;
			};
			name = Release;
		};
		3AAAC7A225499052007D26DD /* Debug */ = {
			isa = XCBuildConfiguration;
			buildSettings = {
				ASSETCATALOG_COMPILER_APPICON_NAME = AppIcon;
				ASSETCATALOG_COMPILER_GLOBAL_ACCENT_COLOR_NAME = AccentColor;
				CODE_SIGN_STYLE = Automatic;
				DEVELOPMENT_ASSET_PATHS = "\"Interval_circle/Preview Content\"";
				DEVELOPMENT_TEAM = 4KJFNVZ8R6;
				ENABLE_PREVIEWS = YES;
				INFOPLIST_FILE = Interval_circle/Info.plist;
				IPHONEOS_DEPLOYMENT_TARGET = 14.0;
				LD_RUNPATH_SEARCH_PATHS = (
					"$(inherited)",
					"@executable_path/Frameworks",
				);
				PRODUCT_BUNDLE_IDENTIFIER = "com.yuukisakai.Interval-circle";
				PRODUCT_NAME = "$(TARGET_NAME)";
				SWIFT_VERSION = 5.0;
				TARGETED_DEVICE_FAMILY = "1,2";
			};
			name = Debug;
		};
		3AAAC7A325499052007D26DD /* Release */ = {
			isa = XCBuildConfiguration;
			buildSettings = {
				ASSETCATALOG_COMPILER_APPICON_NAME = AppIcon;
				ASSETCATALOG_COMPILER_GLOBAL_ACCENT_COLOR_NAME = AccentColor;
				CODE_SIGN_STYLE = Automatic;
				DEVELOPMENT_ASSET_PATHS = "\"Interval_circle/Preview Content\"";
				DEVELOPMENT_TEAM = 4KJFNVZ8R6;
				ENABLE_PREVIEWS = YES;
				INFOPLIST_FILE = Interval_circle/Info.plist;
				IPHONEOS_DEPLOYMENT_TARGET = 14.0;
				LD_RUNPATH_SEARCH_PATHS = (
					"$(inherited)",
					"@executable_path/Frameworks",
				);
				PRODUCT_BUNDLE_IDENTIFIER = "com.yuukisakai.Interval-circle";
				PRODUCT_NAME = "$(TARGET_NAME)";
				SWIFT_VERSION = 5.0;
				TARGETED_DEVICE_FAMILY = "1,2";
			};
			name = Release;
		};
/* End XCBuildConfiguration section */

/* Begin XCConfigurationList section */
		3AAAC78D25499051007D26DD /* Build configuration list for PBXProject "Interval_circle" */ = {
			isa = XCConfigurationList;
			buildConfigurations = (
				3AAAC79F25499052007D26DD /* Debug */,
				3AAAC7A025499052007D26DD /* Release */,
			);
			defaultConfigurationIsVisible = 0;
			defaultConfigurationName = Release;
		};
		3AAAC7A125499052007D26DD /* Build configuration list for PBXNativeTarget "Interval_circle" */ = {
			isa = XCConfigurationList;
			buildConfigurations = (
				3AAAC7A225499052007D26DD /* Debug */,
				3AAAC7A325499052007D26DD /* Release */,
			);
			defaultConfigurationIsVisible = 0;
			defaultConfigurationName = Release;
		};
/* End XCConfigurationList section */
	};
	rootObject = 3AAAC78A25499051007D26DD /* Project object */;
}
